
Microsoft Visual Studio Solution File, Format Version 12.00
# Visual Studio Version 17
VisualStudioVersion = 17.5.002.0
MinimumVisualStudioVersion = 10.0.40219.1
Project("{9A19103F-16F7-4668-BE54-9A1E7A4F7556}") = "dotnet-demo", "dotnet-demo.csproj", "{999122ED-DC64-4185-9645-6C6805B0D1C5}"
EndProject
Global
	GlobalSection(SolutionConfigurationPlatforms) = preSolution
		Debug|Any CPU = Debug|Any CPU
		Release|Any CPU = Release|Any CPU
	EndGlobalSection
	GlobalSection(ProjectConfigurationPlatforms) = postSolution
		{999122ED-DC64-4185-9645-6C6805B0D1C5}.Debug|Any CPU.ActiveCfg = Debug|Any CPU
		{999122ED-DC64-4185-9645-6C6805B0D1C5}.Debug|Any CPU.Build.0 = Debug|Any CPU
		{999122ED-DC64-4185-9645-6C6805B0D1C5}.Release|Any CPU.ActiveCfg = Release|Any CPU
		{999122ED-DC64-4185-9645-6C6805B0D1C5}.Release|Any CPU.Build.0 = Release|Any CPU
	EndGlobalSection
	GlobalSection(SolutionProperties) = preSolution
		HideSolutionNode = FALSE
	EndGlobalSection
	GlobalSection(ExtensibilityGlobals) = postSolution
		SolutionGuid = {E98AF8C1-89F2-4571-983B-9F031DA47F1A}
	EndGlobalSection
EndGlobal
